{
  "version": 4,
  "terraform_version": "0.12.13",
  "serial": 11,
  "lineage": "d13775ed-a9dd-6e61-9edf-61f898721fb8",
  "outputs": {},
  "resources": [
    {
      "mode": "managed",
      "type": "null_resource",
      "name": "example",
      "provider": "provider.null",
      "instances": [
        {
          "schema_version": 0,
          "attributes": {
            "id": "2644746876547856613",
            "triggers": null
          },
          "private": "bnVsbA==",
          "depends_on": [
            "random_pet.example"
          ]
        }
      ]
    },
    {
      "mode": "managed",
      "type": "random_pet",
      "name": "example",
      "provider": "provider.random",
      "instances": [
        {
          "schema_version": 0,
          "attributes": {
            "id": "welcomed-dogfish",
            "keepers": null,
            "length": 2,
            "prefix": null,
            "separator": "-"
          },
          "private": "bnVsbA=="
        }
      ]
    }
  ]
}
